
Microsoft Visual Studio Solution File, Format Version 12.00
# Visual Studio 2012
Project("{FAE04EC0-301F-11D3-BF4B-00C04F79EFBC}") = "NoSleep", "WindowsNoSleep\NoSleep.csproj", "{9162F1F7-8F40-455A-BE87-003EE6D2CBDD}"
EndProject
Global
	GlobalSection(SolutionConfigurationPlatforms) = preSolution
		Debug|Any CPU = Debug|Any CPU
		Release|Any CPU = Release|Any CPU
	EndGlobalSection
	GlobalSection(ProjectConfigurationPlatforms) = postSolution
		{9162F1F7-8F40-455A-BE87-003EE6D2CBDD}.Debug|Any CPU.ActiveCfg = Debug|Any CPU
		{9162F1F7-8F40-455A-BE87-003EE6D2CBDD}.Debug|Any CPU.Build.0 = Debug|Any CPU
		{9162F1F7-8F40-455A-BE87-003EE6D2CBDD}.Release|Any CPU.ActiveCfg = Release|Any CPU
		{9162F1F7-8F40-455A-BE87-003EE6D2CBDD}.Release|Any CPU.Build.0 = Release|Any CPU
	EndGlobalSection
	GlobalSection(SolutionProperties) = preSolution
		HideSolutionNode = FALSE
	EndGlobalSection
EndGlobal
